// !$*UTF8*$!
{
	archiveVersion = 1;
	classes = {
	};
	objectVersion = 56;
	objects = {

/* Begin PBXBuildFile section */
		854D58302C8A7A350001E303 /* DemoSaveStringAppApp.swift in Sources */ = {isa = PBXBuildFile; fileRef = 854D582F2C8A7A350001E303 /* DemoSaveStringAppApp.swift */; };
		854D58322C8A7A350001E303 /* ContentView.swift in Sources */ = {isa = PBXBuildFile; fileRef = 854D58312C8A7A350001E303 /* ContentView.swift */; };
		854D58342C8A7A350001E303 /* Assets.xcassets in Resources */ = {isa = PBXBuildFile; fileRef = 854D58332C8A7A350001E303 /* Assets.xcassets */; };
		854D58382C8A7A350001E303 /* Preview Assets.xcassets in Resources */ = {isa = PBXBuildFile; fileRef = 854D58372C8A7A350001E303 /* Preview Assets.xcassets */; };
		854D585B2C8A7B050001E303 /* ContentViewModel.swift in Sources */ = {isa = PBXBuildFile; fileRef = 854D585A2C8A7B050001E303 /* ContentViewModel.swift */; };
		854D585F2C8A7C600001E303 /* BasicSaveString.framework in Frameworks */ = {isa = PBXBuildFile; fileRef = 854D585C2C8A7C2B0001E303 /* BasicSaveString.framework */; };
		854D58602C8A7C600001E303 /* BasicSaveString.framework in Embed Frameworks */ = {isa = PBXBuildFile; fileRef = 854D585C2C8A7C2B0001E303 /* BasicSaveString.framework */; settings = {ATTRIBUTES = (CodeSignOnCopy, RemoveHeadersOnCopy, ); }; };
/* End PBXBuildFile section */

/* Begin PBXContainerItemProxy section */
		854D583E2C8A7A350001E303 /* PBXContainerItemProxy */ = {
			isa = PBXContainerItemProxy;
			containerPortal = 854D58242C8A7A350001E303 /* Project object */;
			proxyType = 1;
			remoteGlobalIDString = 854D582B2C8A7A350001E303;
			remoteInfo = DemoSaveStringApp;
		};
		854D58482C8A7A350001E303 /* PBXContainerItemProxy */ = {
			isa = PBXContainerItemProxy;
			containerPortal = 854D58242C8A7A350001E303 /* Project object */;
			proxyType = 1;
			remoteGlobalIDString = 854D582B2C8A7A350001E303;
			remoteInfo = DemoSaveStringApp;
		};
/* End PBXContainerItemProxy section */

/* Begin PBXCopyFilesBuildPhase section */
		854D58612C8A7C600001E303 /* Embed Frameworks */ = {
			isa = PBXCopyFilesBuildPhase;
			buildActionMask = 2147483647;
			dstPath = "";
			dstSubfolderSpec = 10;
			files = (
				854D58602C8A7C600001E303 /* BasicSaveString.framework in Embed Frameworks */,
			);
			name = "Embed Frameworks";
			runOnlyForDeploymentPostprocessing = 0;
		};
/* End PBXCopyFilesBuildPhase section */

/* Begin PBXFileReference section */
		854D582C2C8A7A350001E303 /* DemoSaveStringApp.app */ = {isa = PBXFileReference; explicitFileType = wrapper.application; includeInIndex = 0; path = DemoSaveStringApp.app; sourceTree = BUILT_PRODUCTS_DIR; };
		854D582F2C8A7A350001E303 /* DemoSaveStringAppApp.swift */ = {isa = PBXFileReference; lastKnownFileType = sourcecode.swift; path = DemoSaveStringAppApp.swift; sourceTree = "<group>"; };
		854D58312C8A7A350001E303 /* ContentView.swift */ = {isa = PBXFileReference; lastKnownFileType = sourcecode.swift; path = ContentView.swift; sourceTree = "<group>"; };
		854D58332C8A7A350001E303 /* Assets.xcassets */ = {isa = PBXFileReference; lastKnownFileType = folder.assetcatalog; path = Assets.xcassets; sourceTree = "<group>"; };
		854D58352C8A7A350001E303 /* DemoSaveStringApp.entitlements */ = {isa = PBXFileReference; lastKnownFileType = text.plist.entitlements; path = DemoSaveStringApp.entitlements; sourceTree = "<group>"; };
		854D58372C8A7A350001E303 /* Preview Assets.xcassets */ = {isa = PBXFileReference; lastKnownFileType = folder.assetcatalog; path = "Preview Assets.xcassets"; sourceTree = "<group>"; };
		854D583D2C8A7A350001E303 /* DemoSaveStringAppTests.xctest */ = {isa = PBXFileReference; explicitFileType = wrapper.cfbundle; includeInIndex = 0; path = DemoSaveStringAppTests.xctest; sourceTree = BUILT_PRODUCTS_DIR; };
		854D58472C8A7A350001E303 /* DemoSaveStringAppUITests.xctest */ = {isa = PBXFileReference; explicitFileType = wrapper.cfbundle; includeInIndex = 0; path = DemoSaveStringAppUITests.xctest; sourceTree = BUILT_PRODUCTS_DIR; };
		854D585A2C8A7B050001E303 /* ContentViewModel.swift */ = {isa = PBXFileReference; lastKnownFileType = sourcecode.swift; path = ContentViewModel.swift; sourceTree = "<group>"; };
		854D585C2C8A7C2B0001E303 /* BasicSaveString.framework */ = {isa = PBXFileReference; lastKnownFileType = wrapper.framework; path = BasicSaveString.framework; sourceTree = "<group>"; };
/* End PBXFileReference section */

/* Begin PBXFrameworksBuildPhase section */
		854D58292C8A7A350001E303 /* Frameworks */ = {
			isa = PBXFrameworksBuildPhase;
			buildActionMask = 2147483647;
			files = (
				854D585F2C8A7C600001E303 /* BasicSaveString.framework in Frameworks */,
			);
			runOnlyForDeploymentPostprocessing = 0;
		};
		854D583A2C8A7A350001E303 /* Frameworks */ = {
			isa = PBXFrameworksBuildPhase;
			buildActionMask = 2147483647;
			files = (
			);
			runOnlyForDeploymentPostprocessing = 0;
		};
		854D58442C8A7A350001E303 /* Frameworks */ = {
			isa = PBXFrameworksBuildPhase;
			buildActionMask = 2147483647;
			files = (
			);
			runOnlyForDeploymentPostprocessing = 0;
		};
/* End PBXFrameworksBuildPhase section */

/* Begin PBXGroup section */
		854D58232C8A7A350001E303 = {
			isa = PBXGroup;
			children = (
				854D582E2C8A7A350001E303 /* DemoSaveStringApp */,
				854D582D2C8A7A350001E303 /* Products */,
			);
			sourceTree = "<group>";
		};
		854D582D2C8A7A350001E303 /* Products */ = {
			isa = PBXGroup;
			children = (
				854D582C2C8A7A350001E303 /* DemoSaveStringApp.app */,
				854D583D2C8A7A350001E303 /* DemoSaveStringAppTests.xctest */,
				854D58472C8A7A350001E303 /* DemoSaveStringAppUITests.xctest */,
			);
			name = Products;
			sourceTree = "<group>";
		};
		854D582E2C8A7A350001E303 /* DemoSaveStringApp */ = {
			isa = PBXGroup;
			children = (
				854D582F2C8A7A350001E303 /* DemoSaveStringAppApp.swift */,
				854D58312C8A7A350001E303 /* ContentView.swift */,
				854D58332C8A7A350001E303 /* Assets.xcassets */,
				854D58352C8A7A350001E303 /* DemoSaveStringApp.entitlements */,
				854D58362C8A7A350001E303 /* Preview Content */,
				854D585A2C8A7B050001E303 /* ContentViewModel.swift */,
				854D585D2C8A7C2B0001E303 /* Frameworks */,
			);
			path = DemoSaveStringApp;
			sourceTree = "<group>";
		};
		854D58362C8A7A350001E303 /* Preview Content */ = {
			isa = PBXGroup;
			children = (
				854D58372C8A7A350001E303 /* Preview Assets.xcassets */,
			);
			path = "Preview Content";
			sourceTree = "<group>";
		};
		854D585D2C8A7C2B0001E303 /* Frameworks */ = {
			isa = PBXGroup;
			children = (
				854D585C2C8A7C2B0001E303 /* BasicSaveString.framework */,
			);
			path = Frameworks;
			sourceTree = SOURCE_ROOT;
		};
/* End PBXGroup section */

/* Begin PBXNativeTarget section */
		854D582B2C8A7A350001E303 /* DemoSaveStringApp */ = {
			isa = PBXNativeTarget;
			buildConfigurationList = 854D58512C8A7A350001E303 /* Build configuration list for PBXNativeTarget "DemoSaveStringApp" */;
			buildPhases = (
				854D58282C8A7A350001E303 /* Sources */,
				854D58292C8A7A350001E303 /* Frameworks */,
				854D582A2C8A7A350001E303 /* Resources */,
				854D58612C8A7C600001E303 /* Embed Frameworks */,
			);
			buildRules = (
			);
			dependencies = (
			);
			name = DemoSaveStringApp;
			productName = DemoSaveStringApp;
			productReference = 854D582C2C8A7A350001E303 /* DemoSaveStringApp.app */;
			productType = "com.apple.product-type.application";
		};
		854D583C2C8A7A350001E303 /* DemoSaveStringAppTests */ = {
			isa = PBXNativeTarget;
			buildConfigurationList = 854D58542C8A7A350001E303 /* Build configuration list for PBXNativeTarget "DemoSaveStringAppTests" */;
			buildPhases = (
				854D58392C8A7A350001E303 /* Sources */,
				854D583A2C8A7A350001E303 /* Frameworks */,
				854D583B2C8A7A350001E303 /* Resources */,
			);
			buildRules = (
			);
			dependencies = (
				854D583F2C8A7A350001E303 /* PBXTargetDependency */,
			);
			name = DemoSaveStringAppTests;
			productName = DemoSaveStringAppTests;
			productReference = 854D583D2C8A7A350001E303 /* DemoSaveStringAppTests.xctest */;
			productType = "com.apple.product-type.bundle.unit-test";
		};
		854D58462C8A7A350001E303 /* DemoSaveStringAppUITests */ = {
			isa = PBXNativeTarget;
			buildConfigurationList = 854D58572C8A7A350001E303 /* Build configuration list for PBXNativeTarget "DemoSaveStringAppUITests" */;
			buildPhases = (
				854D58432C8A7A350001E303 /* Sources */,
				854D58442C8A7A350001E303 /* Frameworks */,
				854D58452C8A7A350001E303 /* Resources */,
			);
			buildRules = (
			);
			dependencies = (
				854D58492C8A7A350001E303 /* PBXTargetDependency */,
			);
			name = DemoSaveStringAppUITests;
			productName = DemoSaveStringAppUITests;
			productReference = 854D58472C8A7A350001E303 /* DemoSaveStringAppUITests.xctest */;
			productType = "com.apple.product-type.bundle.ui-testing";
		};
/* End PBXNativeTarget section */

/* Begin PBXProject section */
		854D58242C8A7A350001E303 /* Project object */ = {
			isa = PBXProject;
			attributes = {
				BuildIndependentTargetsInParallel = 1;
				LastSwiftUpdateCheck = 1540;
				LastUpgradeCheck = 1540;
				TargetAttributes = {
					854D582B2C8A7A350001E303 = {
						CreatedOnToolsVersion = 15.4;
					};
					854D583C2C8A7A350001E303 = {
						CreatedOnToolsVersion = 15.4;
						TestTargetID = 854D582B2C8A7A350001E303;
					};
					854D58462C8A7A350001E303 = {
						CreatedOnToolsVersion = 15.4;
						TestTargetID = 854D582B2C8A7A350001E303;
					};
				};
			};
			buildConfigurationList = 854D58272C8A7A350001E303 /* Build configuration list for PBXProject "DemoSaveStringApp" */;
			compatibilityVersion = "Xcode 14.0";
			developmentRegion = en;
			hasScannedForEncodings = 0;
			knownRegions = (
				en,
				Base,
			);
			mainGroup = 854D58232C8A7A350001E303;
			productRefGroup = 854D582D2C8A7A350001E303 /* Products */;
			projectDirPath = "";
			projectRoot = "";
			targets = (
				854D582B2C8A7A350001E303 /* DemoSaveStringApp */,
				854D583C2C8A7A350001E303 /* DemoSaveStringAppTests */,
				854D58462C8A7A350001E303 /* DemoSaveStringAppUITests */,
			);
		};
/* End PBXProject section */

/* Begin PBXResourcesBuildPhase section */
		854D582A2C8A7A350001E303 /* Resources */ = {
			isa = PBXResourcesBuildPhase;
			buildActionMask = 2147483647;
			files = (
				854D58382C8A7A350001E303 /* Preview Assets.xcassets in Resources */,
				854D58342C8A7A350001E303 /* Assets.xcassets in Resources */,
			);
			runOnlyForDeploymentPostprocessing = 0;
		};
		854D583B2C8A7A350001E303 /* Resources */ = {
			isa = PBXResourcesBuildPhase;
			buildActionMask = 2147483647;
			files = (
			);
			runOnlyForDeploymentPostprocessing = 0;
		};
		854D58452C8A7A350001E303 /* Resources */ = {
			isa = PBXResourcesBuildPhase;
			buildActionMask = 2147483647;
			files = (
			);
			runOnlyForDeploymentPostprocessing = 0;
		};
/* End PBXResourcesBuildPhase section */

/* Begin PBXSourcesBuildPhase section */
		854D58282C8A7A350001E303 /* Sources */ = {
			isa = PBXSourcesBuildPhase;
			buildActionMask = 2147483647;
			files = (
				854D58322C8A7A350001E303 /* ContentView.swift in Sources */,
				854D58302C8A7A350001E303 /* DemoSaveStringAppApp.swift in Sources */,
				854D585B2C8A7B050001E303 /* ContentViewModel.swift in Sources */,
			);
			runOnlyForDeploymentPostprocessing = 0;
		};
		854D58392C8A7A350001E303 /* Sources */ = {
			isa = PBXSourcesBuildPhase;
			buildActionMask = 2147483647;
			files = (
			);
			runOnlyForDeploymentPostprocessing = 0;
		};
		854D58432C8A7A350001E303 /* Sources */ = {
			isa = PBXSourcesBuildPhase;
			buildActionMask = 2147483647;
			files = (
			);
			runOnlyForDeploymentPostprocessing = 0;
		};
/* End PBXSourcesBuildPhase section */

/* Begin PBXTargetDependency section */
		854D583F2C8A7A350001E303 /* PBXTargetDependency */ = {
			isa = PBXTargetDependency;
			target = 854D582B2C8A7A350001E303 /* DemoSaveStringApp */;
			targetProxy = 854D583E2C8A7A350001E303 /* PBXContainerItemProxy */;
		};
		854D58492C8A7A350001E303 /* PBXTargetDependency */ = {
			isa = PBXTargetDependency;
			target = 854D582B2C8A7A350001E303 /* DemoSaveStringApp */;
			targetProxy = 854D58482C8A7A350001E303 /* PBXContainerItemProxy */;
		};
/* End PBXTargetDependency section */

/* Begin XCBuildConfiguration section */
		854D584F2C8A7A350001E303 /* Debug */ = {
			isa = XCBuildConfiguration;
			buildSettings = {
				ALWAYS_SEARCH_USER_PATHS = NO;
				ASSETCATALOG_COMPILER_GENERATE_SWIFT_ASSET_SYMBOL_EXTENSIONS = YES;
				CLANG_ANALYZER_NONNULL = YES;
				CLANG_ANALYZER_NUMBER_OBJECT_CONVERSION = YES_AGGRESSIVE;
				CLANG_CXX_LANGUAGE_STANDARD = "gnu++20";
				CLANG_ENABLE_MODULES = YES;
				CLANG_ENABLE_OBJC_ARC = YES;
				CLANG_ENABLE_OBJC_WEAK = YES;
				CLANG_WARN_BLOCK_CAPTURE_AUTORELEASING = YES;
				CLANG_WARN_BOOL_CONVERSION = YES;
				CLANG_WARN_COMMA = YES;
				CLANG_WARN_CONSTANT_CONVERSION = YES;
				CLANG_WARN_DEPRECATED_OBJC_IMPLEMENTATIONS = YES;
				CLANG_WARN_DIRECT_OBJC_ISA_USAGE = YES_ERROR;
				CLANG_WARN_DOCUMENTATION_COMMENTS = YES;
				CLANG_WARN_EMPTY_BODY = YES;
				CLANG_WARN_ENUM_CONVERSION = YES;
				CLANG_WARN_INFINITE_RECURSION = YES;
				CLANG_WARN_INT_CONVERSION = YES;
				CLANG_WARN_NON_LITERAL_NULL_CONVERSION = YES;
				CLANG_WARN_OBJC_IMPLICIT_RETAIN_SELF = YES;
				CLANG_WARN_OBJC_LITERAL_CONVERSION = YES;
				CLANG_WARN_OBJC_ROOT_CLASS = YES_ERROR;
				CLANG_WARN_QUOTED_INCLUDE_IN_FRAMEWORK_HEADER = YES;
				CLANG_WARN_RANGE_LOOP_ANALYSIS = YES;
				CLANG_WARN_STRICT_PROTOTYPES = YES;
				CLANG_WARN_SUSPICIOUS_MOVE = YES;
				CLANG_WARN_UNGUARDED_AVAILABILITY = YES_AGGRESSIVE;
				CLANG_WARN_UNREACHABLE_CODE = YES;
				CLANG_WARN__DUPLICATE_METHOD_MATCH = YES;
				COPY_PHASE_STRIP = NO;
				DEBUG_INFORMATION_FORMAT = dwarf;
				ENABLE_STRICT_OBJC_MSGSEND = YES;
				ENABLE_TESTABILITY = YES;
				ENABLE_USER_SCRIPT_SANDBOXING = YES;
				GCC_C_LANGUAGE_STANDARD = gnu17;
				GCC_DYNAMIC_NO_PIC = NO;
				GCC_NO_COMMON_BLOCKS = YES;
				GCC_OPTIMIZATION_LEVEL = 0;
				GCC_PREPROCESSOR_DEFINITIONS = (
					"DEBUG=1",
					"$(inherited)",
				);
				GCC_WARN_64_TO_32_BIT_CONVERSION = YES;
				GCC_WARN_ABOUT_RETURN_TYPE = YES_ERROR;
				GCC_WARN_UNDECLARED_SELECTOR = YES;
				GCC_WARN_UNINITIALIZED_AUTOS = YES_AGGRESSIVE;
				GCC_WARN_UNUSED_FUNCTION = YES;
				GCC_WARN_UNUSED_VARIABLE = YES;
				LOCALIZATION_PREFERS_STRING_CATALOGS = YES;
				MTL_ENABLE_DEBUG_INFO = INCLUDE_SOURCE;
				MTL_FAST_MATH = YES;
				ONLY_ACTIVE_ARCH = YES;
				SWIFT_ACTIVE_COMPILATION_CONDITIONS = "DEBUG $(inherited)";
				SWIFT_OPTIMIZATION_LEVEL = "-Onone";
			};
			name = Debug;
		};
		854D58502C8A7A350001E303 /* Release */ = {
			isa = XCBuildConfiguration;
			buildSettings = {
				ALWAYS_SEARCH_USER_PATHS = NO;
				ASSETCATALOG_COMPILER_GENERATE_SWIFT_ASSET_SYMBOL_EXTENSIONS = YES;
				CLANG_ANALYZER_NONNULL = YES;
				CLANG_ANALYZER_NUMBER_OBJECT_CONVERSION = YES_AGGRESSIVE;
				CLANG_CXX_LANGUAGE_STANDARD = "gnu++20";
				CLANG_ENABLE_MODULES = YES;
				CLANG_ENABLE_OBJC_ARC = YES;
				CLANG_ENABLE_OBJC_WEAK = YES;
				CLANG_WARN_BLOCK_CAPTURE_AUTORELEASING = YES;
				CLANG_WARN_BOOL_CONVERSION = YES;
				CLANG_WARN_COMMA = YES;
				CLANG_WARN_CONSTANT_CONVERSION = YES;
				CLANG_WARN_DEPRECATED_OBJC_IMPLEMENTATIONS = YES;
				CLANG_WARN_DIRECT_OBJC_ISA_USAGE = YES_ERROR;
				CLANG_WARN_DOCUMENTATION_COMMENTS = YES;
				CLANG_WARN_EMPTY_BODY = YES;
				CLANG_WARN_ENUM_CONVERSION = YES;
				CLANG_WARN_INFINITE_RECURSION = YES;
				CLANG_WARN_INT_CONVERSION = YES;
				CLANG_WARN_NON_LITERAL_NULL_CONVERSION = YES;
				CLANG_WARN_OBJC_IMPLICIT_RETAIN_SELF = YES;
				CLANG_WARN_OBJC_LITERAL_CONVERSION = YES;
				CLANG_WARN_OBJC_ROOT_CLASS = YES_ERROR;
				CLANG_WARN_QUOTED_INCLUDE_IN_FRAMEWORK_HEADER = YES;
				CLANG_WARN_RANGE_LOOP_ANALYSIS = YES;
				CLANG_WARN_STRICT_PROTOTYPES = YES;
				CLANG_WARN_SUSPICIOUS_MOVE = YES;
				CLANG_WARN_UNGUARDED_AVAILABILITY = YES_AGGRESSIVE;
				CLANG_WARN_UNREACHABLE_CODE = YES;
				CLANG_WARN__DUPLICATE_METHOD_MATCH = YES;
				COPY_PHASE_STRIP = NO;
				DEBUG_INFORMATION_FORMAT = "dwarf-with-dsym";
				ENABLE_NS_ASSERTIONS = NO;
				ENABLE_STRICT_OBJC_MSGSEND = YES;
				ENABLE_USER_SCRIPT_SANDBOXING = YES;
				GCC_C_LANGUAGE_STANDARD = gnu17;
				GCC_NO_COMMON_BLOCKS = YES;
				GCC_WARN_64_TO_32_BIT_CONVERSION = YES;
				GCC_WARN_ABOUT_RETURN_TYPE = YES_ERROR;
				GCC_WARN_UNDECLARED_SELECTOR = YES;
				GCC_WARN_UNINITIALIZED_AUTOS = YES_AGGRESSIVE;
				GCC_WARN_UNUSED_FUNCTION = YES;
				GCC_WARN_UNUSED_VARIABLE = YES;
				LOCALIZATION_PREFERS_STRING_CATALOGS = YES;
				MTL_ENABLE_DEBUG_INFO = NO;
				MTL_FAST_MATH = YES;
				SWIFT_COMPILATION_MODE = wholemodule;
			};
			name = Release;
		};
		854D58522C8A7A350001E303 /* Debug */ = {
			isa = XCBuildConfiguration;
			buildSettings = {
				ASSETCATALOG_COMPILER_APPICON_NAME = AppIcon;
				ASSETCATALOG_COMPILER_GLOBAL_ACCENT_COLOR_NAME = AccentColor;
				CODE_SIGN_ENTITLEMENTS = DemoSaveStringApp/DemoSaveStringApp.entitlements;
				CODE_SIGN_STYLE = Automatic;
				CURRENT_PROJECT_VERSION = 1;
				DEVELOPMENT_ASSET_PATHS = "\"DemoSaveStringApp/Preview Content\"";
				DEVELOPMENT_TEAM = Y5367RWCMF;
				ENABLE_HARDENED_RUNTIME = YES;
				ENABLE_PREVIEWS = YES;
				FRAMEWORK_SEARCH_PATHS = (
					"$(inherited)",
					"$(PROJECT_DIR)/Frameworks",
				);
				GENERATE_INFOPLIST_FILE = YES;
				"INFOPLIST_KEY_UIApplicationSceneManifest_Generation[sdk=iphoneos*]" = YES;
				"INFOPLIST_KEY_UIApplicationSceneManifest_Generation[sdk=iphonesimulator*]" = YES;
				"INFOPLIST_KEY_UIApplicationSupportsIndirectInputEvents[sdk=iphoneos*]" = YES;
				"INFOPLIST_KEY_UIApplicationSupportsIndirectInputEvents[sdk=iphonesimulator*]" = YES;
				"INFOPLIST_KEY_UILaunchScreen_Generation[sdk=iphoneos*]" = YES;
				"INFOPLIST_KEY_UILaunchScreen_Generation[sdk=iphonesimulator*]" = YES;
				"INFOPLIST_KEY_UIStatusBarStyle[sdk=iphoneos*]" = UIStatusBarStyleDefault;
				"INFOPLIST_KEY_UIStatusBarStyle[sdk=iphonesimulator*]" = UIStatusBarStyleDefault;
				INFOPLIST_KEY_UISupportedInterfaceOrientations_iPad = "UIInterfaceOrientationPortrait UIInterfaceOrientationPortraitUpsideDown UIInterfaceOrientationLandscapeLeft UIInterfaceOrientationLandscapeRight";
				INFOPLIST_KEY_UISupportedInterfaceOrientations_iPhone = "UIInterfaceOrientationPortrait UIInterfaceOrientationLandscapeLeft UIInterfaceOrientationLandscapeRight";
				IPHONEOS_DEPLOYMENT_TARGET = 17.5;
				LD_RUNPATH_SEARCH_PATHS = "@executable_path/Frameworks";
				"LD_RUNPATH_SEARCH_PATHS[sdk=macosx*]" = "@executable_path/../Frameworks";
				MACOSX_DEPLOYMENT_TARGET = 14.5;
				MARKETING_VERSION = 1.0;
				PRODUCT_BUNDLE_IDENTIFIER = com.tcoelho.DemoSaveStringApp;
				PRODUCT_NAME = "$(TARGET_NAME)";
				SDKROOT = auto;
				SUPPORTED_PLATFORMS = "iphoneos iphonesimulator macosx";
				SWIFT_EMIT_LOC_STRINGS = YES;
				SWIFT_VERSION = 5.0;
				TARGETED_DEVICE_FAMILY = "1,2";
			};
			name = Debug;
		};
		854D58532C8A7A350001E303 /* Release */ = {
			isa = XCBuildConfiguration;
			buildSettings = {
				ASSETCATALOG_COMPILER_APPICON_NAME = AppIcon;
				ASSETCATALOG_COMPILER_GLOBAL_ACCENT_COLOR_NAME = AccentColor;
				CODE_SIGN_ENTITLEMENTS = DemoSaveStringApp/DemoSaveStringApp.entitlements;
				CODE_SIGN_STYLE = Automatic;
				CURRENT_PROJECT_VERSION = 1;
				DEVELOPMENT_ASSET_PATHS = "\"DemoSaveStringApp/Preview Content\"";
				DEVELOPMENT_TEAM = Y5367RWCMF;
				ENABLE_HARDENED_RUNTIME = YES;
				ENABLE_PREVIEWS = YES;
				FRAMEWORK_SEARCH_PATHS = (
					"$(inherited)",
					"$(PROJECT_DIR)/Frameworks",
				);
				GENERATE_INFOPLIST_FILE = YES;
				"INFOPLIST_KEY_UIApplicationSceneManifest_Generation[sdk=iphoneos*]" = YES;
				"INFOPLIST_KEY_UIApplicationSceneManifest_Generation[sdk=iphonesimulator*]" = YES;
				"INFOPLIST_KEY_UIApplicationSupportsIndirectInputEvents[sdk=iphoneos*]" = YES;
				"INFOPLIST_KEY_UIApplicationSupportsIndirectInputEvents[sdk=iphonesimulator*]" = YES;
				"INFOPLIST_KEY_UILaunchScreen_Generation[sdk=iphoneos*]" = YES;
				"INFOPLIST_KEY_UILaunchScreen_Generation[sdk=iphonesimulator*]" = YES;
				"INFOPLIST_KEY_UIStatusBarStyle[sdk=iphoneos*]" = UIStatusBarStyleDefault;
				"INFOPLIST_KEY_UIStatusBarStyle[sdk=iphonesimulator*]" = UIStatusBarStyleDefault;
				INFOPLIST_KEY_UISupportedInterfaceOrientations_iPad = "UIInterfaceOrientationPortrait UIInterfaceOrientationPortraitUpsideDown UIInterfaceOrientationLandscapeLeft UIInterfaceOrientationLandscapeRight";
				INFOPLIST_KEY_UISupportedInterfaceOrientations_iPhone = "UIInterfaceOrientationPortrait UIInterfaceOrientationLandscapeLeft UIInterfaceOrientationLandscapeRight";
				IPHONEOS_DEPLOYMENT_TARGET = 17.5;
				LD_RUNPATH_SEARCH_PATHS = "@executable_path/Frameworks";
				"LD_RUNPATH_SEARCH_PATHS[sdk=macosx*]" = "@executable_path/../Frameworks";
				MACOSX_DEPLOYMENT_TARGET = 14.5;
				MARKETING_VERSION = 1.0;
				PRODUCT_BUNDLE_IDENTIFIER = com.tcoelho.DemoSaveStringApp;
				PRODUCT_NAME = "$(TARGET_NAME)";
				SDKROOT = auto;
				SUPPORTED_PLATFORMS = "iphoneos iphonesimulator macosx";
				SWIFT_EMIT_LOC_STRINGS = YES;
				SWIFT_VERSION = 5.0;
				TARGETED_DEVICE_FAMILY = "1,2";
			};
			name = Release;
		};
		854D58552C8A7A350001E303 /* Debug */ = {
			isa = XCBuildConfiguration;
			buildSettings = {
				ALWAYS_EMBED_SWIFT_STANDARD_LIBRARIES = YES;
				BUNDLE_LOADER = "$(TEST_HOST)";
				CODE_SIGN_STYLE = Automatic;
				CURRENT_PROJECT_VERSION = 1;
				DEVELOPMENT_TEAM = Y5367RWCMF;
				GENERATE_INFOPLIST_FILE = YES;
				IPHONEOS_DEPLOYMENT_TARGET = 17.5;
				MACOSX_DEPLOYMENT_TARGET = 14.5;
				MARKETING_VERSION = 1.0;
				PRODUCT_BUNDLE_IDENTIFIER = com.tcoelho.DemoSaveStringAppTests;
				PRODUCT_NAME = "$(TARGET_NAME)";
				SDKROOT = auto;
				SUPPORTED_PLATFORMS = "iphoneos iphonesimulator macosx";
				SWIFT_EMIT_LOC_STRINGS = NO;
				SWIFT_VERSION = 5.0;
				TARGETED_DEVICE_FAMILY = "1,2";
				TEST_HOST = "$(BUILT_PRODUCTS_DIR)/DemoSaveStringApp.app/$(BUNDLE_EXECUTABLE_FOLDER_PATH)/DemoSaveStringApp";
			};
			name = Debug;
		};
		854D58562C8A7A350001E303 /* Release */ = {
			isa = XCBuildConfiguration;
			buildSettings = {
				ALWAYS_EMBED_SWIFT_STANDARD_LIBRARIES = YES;
				BUNDLE_LOADER = "$(TEST_HOST)";
				CODE_SIGN_STYLE = Automatic;
				CURRENT_PROJECT_VERSION = 1;
				DEVELOPMENT_TEAM = Y5367RWCMF;
				GENERATE_INFOPLIST_FILE = YES;
				IPHONEOS_DEPLOYMENT_TARGET = 17.5;
				MACOSX_DEPLOYMENT_TARGET = 14.5;
				MARKETING_VERSION = 1.0;
				PRODUCT_BUNDLE_IDENTIFIER = com.tcoelho.DemoSaveStringAppTests;
				PRODUCT_NAME = "$(TARGET_NAME)";
				SDKROOT = auto;
				SUPPORTED_PLATFORMS = "iphoneos iphonesimulator macosx";
				SWIFT_EMIT_LOC_STRINGS = NO;
				SWIFT_VERSION = 5.0;
				TARGETED_DEVICE_FAMILY = "1,2";
				TEST_HOST = "$(BUILT_PRODUCTS_DIR)/DemoSaveStringApp.app/$(BUNDLE_EXECUTABLE_FOLDER_PATH)/DemoSaveStringApp";
			};
			name = Release;
		};
		854D58582C8A7A350001E303 /* Debug */ = {
			isa = XCBuildConfiguration;
			buildSettings = {
				ALWAYS_EMBED_SWIFT_STANDARD_LIBRARIES = YES;
				CODE_SIGN_STYLE = Automatic;
				CURRENT_PROJECT_VERSION = 1;
				DEVELOPMENT_TEAM = Y5367RWCMF;
				GENERATE_INFOPLIST_FILE = YES;
				IPHONEOS_DEPLOYMENT_TARGET = 17.5;
				MACOSX_DEPLOYMENT_TARGET = 14.5;
				MARKETING_VERSION = 1.0;
				PRODUCT_BUNDLE_IDENTIFIER = com.tcoelho.DemoSaveStringAppUITests;
				PRODUCT_NAME = "$(TARGET_NAME)";
				SDKROOT = auto;
				SUPPORTED_PLATFORMS = "iphoneos iphonesimulator macosx";
				SWIFT_EMIT_LOC_STRINGS = NO;
				SWIFT_VERSION = 5.0;
				TARGETED_DEVICE_FAMILY = "1,2";
				TEST_TARGET_NAME = DemoSaveStringApp;
			};
			name = Debug;
		};
		854D58592C8A7A350001E303 /* Release */ = {
			isa = XCBuildConfiguration;
			buildSettings = {
				ALWAYS_EMBED_SWIFT_STANDARD_LIBRARIES = YES;
				CODE_SIGN_STYLE = Automatic;
				CURRENT_PROJECT_VERSION = 1;
				DEVELOPMENT_TEAM = Y5367RWCMF;
				GENERATE_INFOPLIST_FILE = YES;
				IPHONEOS_DEPLOYMENT_TARGET = 17.5;
				MACOSX_DEPLOYMENT_TARGET = 14.5;
				MARKETING_VERSION = 1.0;
				PRODUCT_BUNDLE_IDENTIFIER = com.tcoelho.DemoSaveStringAppUITests;
				PRODUCT_NAME = "$(TARGET_NAME)";
				SDKROOT = auto;
				SUPPORTED_PLATFORMS = "iphoneos iphonesimulator macosx";
				SWIFT_EMIT_LOC_STRINGS = NO;
				SWIFT_VERSION = 5.0;
				TARGETED_DEVICE_FAMILY = "1,2";
				TEST_TARGET_NAME = DemoSaveStringApp;
			};
			name = Release;
		};
/* End XCBuildConfiguration section */

/* Begin XCConfigurationList section */
		854D58272C8A7A350001E303 /* Build configuration list for PBXProject "DemoSaveStringApp" */ = {
			isa = XCConfigurationList;
			buildConfigurations = (
				854D584F2C8A7A350001E303 /* Debug */,
				854D58502C8A7A350001E303 /* Release */,
			);
			defaultConfigurationIsVisible = 0;
			defaultConfigurationName = Release;
		};
		854D58512C8A7A350001E303 /* Build configuration list for PBXNativeTarget "DemoSaveStringApp" */ = {
			isa = XCConfigurationList;
			buildConfigurations = (
				854D58522C8A7A350001E303 /* Debug */,
				854D58532C8A7A350001E303 /* Release */,
			);
			defaultConfigurationIsVisible = 0;
			defaultConfigurationName = Release;
		};
		854D58542C8A7A350001E303 /* Build configuration list for PBXNativeTarget "DemoSaveStringAppTests" */ = {
			isa = XCConfigurationList;
			buildConfigurations = (
				854D58552C8A7A350001E303 /* Debug */,
				854D58562C8A7A350001E303 /* Release */,
			);
			defaultConfigurationIsVisible = 0;
			defaultConfigurationName = Release;
		};
		854D58572C8A7A350001E303 /* Build configuration list for PBXNativeTarget "DemoSaveStringAppUITests" */ = {
			isa = XCConfigurationList;
			buildConfigurations = (
				854D58582C8A7A350001E303 /* Debug */,
				854D58592C8A7A350001E303 /* Release */,
			);
			defaultConfigurationIsVisible = 0;
			defaultConfigurationName = Release;
		};
/* End XCConfigurationList section */
	};
	rootObject = 854D58242C8A7A350001E303 /* Project object */;
}
